
Microsoft Visual Studio Solution File, Format Version 12.00
# Visual Studio Version 16
VisualStudioVersion = 16.0.30204.135
MinimumVisualStudioVersion = 10.0.40219.1
Project("{2150E333-8FDC-42A3-9474-1A3956D46DE8}") = "docs", "docs", "{797E2C6C-13EA-4221-9CEA-9CF1223207E2}"
EndProject
Project("{2150E333-8FDC-42A3-9474-1A3956D46DE8}") = "src", "src", "{99E918D3-C901-4753-A8AE-56D4566AC48B}"
EndProject
Project("{9A19103F-16F7-4668-BE54-9A1E7A4F7556}") = "Shared", "src\Shared\Shared.csproj", "{C1EF78E9-67F6-48DA-B5B3-C63F1B020DF6}"
EndProject
Project("{9A19103F-16F7-4668-BE54-9A1E7A4F7556}") = "Web", "src\Web\Web.csproj", "{B8E81C60-0777-4374-B132-BA8644557736}"
EndProject
Project("{9A19103F-16F7-4668-BE54-9A1E7A4F7556}") = "Infrastructure", "src\Infrastructure\Infrastructure.csproj", "{CEB25F7A-72F0-4772-A1B8-C51F7801C0D9}"
EndProject
Project("{2150E333-8FDC-42A3-9474-1A3956D46DE8}") = "tests", "tests", "{A743E5B4-592F-4FFC-9F44-E2227280B5A2}"
EndProject
Project("{FAE04EC0-301F-11D3-BF4B-00C04F79EFBC}") = "UnitTest", "tests\UnitTest\UnitTest.csproj", "{BEB59092-5D9F-4F97-B6E3-2B1358D3F7A9}"
EndProject
Global
	GlobalSection(SolutionConfigurationPlatforms) = preSolution
		Debug|Any CPU = Debug|Any CPU
		Release|Any CPU = Release|Any CPU
	EndGlobalSection
	GlobalSection(ProjectConfigurationPlatforms) = postSolution
		{C1EF78E9-67F6-48DA-B5B3-C63F1B020DF6}.Debug|Any CPU.ActiveCfg = Debug|Any CPU
		{C1EF78E9-67F6-48DA-B5B3-C63F1B020DF6}.Debug|Any CPU.Build.0 = Debug|Any CPU
		{C1EF78E9-67F6-48DA-B5B3-C63F1B020DF6}.Release|Any CPU.ActiveCfg = Release|Any CPU
		{C1EF78E9-67F6-48DA-B5B3-C63F1B020DF6}.Release|Any CPU.Build.0 = Release|Any CPU
		{B8E81C60-0777-4374-B132-BA8644557736}.Debug|Any CPU.ActiveCfg = Debug|Any CPU
		{B8E81C60-0777-4374-B132-BA8644557736}.Debug|Any CPU.Build.0 = Debug|Any CPU
		{B8E81C60-0777-4374-B132-BA8644557736}.Release|Any CPU.ActiveCfg = Release|Any CPU
		{B8E81C60-0777-4374-B132-BA8644557736}.Release|Any CPU.Build.0 = Release|Any CPU
		{CEB25F7A-72F0-4772-A1B8-C51F7801C0D9}.Debug|Any CPU.ActiveCfg = Debug|Any CPU
		{CEB25F7A-72F0-4772-A1B8-C51F7801C0D9}.Debug|Any CPU.Build.0 = Debug|Any CPU
		{CEB25F7A-72F0-4772-A1B8-C51F7801C0D9}.Release|Any CPU.ActiveCfg = Release|Any CPU
		{CEB25F7A-72F0-4772-A1B8-C51F7801C0D9}.Release|Any CPU.Build.0 = Release|Any CPU
		{BEB59092-5D9F-4F97-B6E3-2B1358D3F7A9}.Debug|Any CPU.ActiveCfg = Debug|Any CPU
		{BEB59092-5D9F-4F97-B6E3-2B1358D3F7A9}.Debug|Any CPU.Build.0 = Debug|Any CPU
		{BEB59092-5D9F-4F97-B6E3-2B1358D3F7A9}.Release|Any CPU.ActiveCfg = Release|Any CPU
		{BEB59092-5D9F-4F97-B6E3-2B1358D3F7A9}.Release|Any CPU.Build.0 = Release|Any CPU
	EndGlobalSection
	GlobalSection(SolutionProperties) = preSolution
		HideSolutionNode = FALSE
	EndGlobalSection
	GlobalSection(NestedProjects) = preSolution
		{C1EF78E9-67F6-48DA-B5B3-C63F1B020DF6} = {99E918D3-C901-4753-A8AE-56D4566AC48B}
		{B8E81C60-0777-4374-B132-BA8644557736} = {99E918D3-C901-4753-A8AE-56D4566AC48B}
		{CEB25F7A-72F0-4772-A1B8-C51F7801C0D9} = {99E918D3-C901-4753-A8AE-56D4566AC48B}
		{BEB59092-5D9F-4F97-B6E3-2B1358D3F7A9} = {A743E5B4-592F-4FFC-9F44-E2227280B5A2}
	EndGlobalSection
	GlobalSection(ExtensibilityGlobals) = postSolution
		SolutionGuid = {9B1A9977-4C41-44FE-8D10-334B5BA50EFA}
	EndGlobalSection
EndGlobal
